<?xml version="1.0" encoding="utf-8"?>
<Project ToolsVersion="4.0" xmlns="http://schemas.microsoft.com/developer/msbuild/2003">
  <ItemGroup>
    <ClCompile Include="camera.cpp">
      <Filter>Source Files</Filter>
    </ClCompile>
    <ClCompile Include="font_technique.cpp">
      <Filter>Source Files</Filter>
    </ClCompile>
    <ClCompile Include="lighting_technique.cpp">
      <Filter>Source Files</Filter>
    </ClCompile>
    <ClCompile Include="main.cpp">
      <Filter>Source Files</Filter>
    </ClCompile>
    <ClCompile Include="math_3d.cpp">
      <Filter>Source Files</Filter>
    </ClCompile>
    <ClCompile Include="mesh.cpp">
      <Filter>Source Files</Filter>
    </ClCompile>
    <ClCompile Include="picking_technique.cpp">
      <Filter>Source Files</Filter>
    </ClCompile>
    <ClCompile Include="picking_texture.cpp">
      <Filter>Source Files</Filter>
    </ClCompile>
    <ClCompile Include="pipeline.cpp">
      <Filter>Source Files</Filter>
    </ClCompile>
    <ClCompile Include="SDL_backend.cpp">
      <Filter>Source Files</Filter>
    </ClCompile>
    <ClCompile Include="simple_color_technique.cpp">
      <Filter>Source Files</Filter>
    </ClCompile>
    <ClCompile Include="technique.cpp">
      <Filter>Source Files</Filter>
    </ClCompile>
    <ClCompile Include="texture.cpp">
      <Filter>Source Files</Filter>
    </ClCompile>
    <ClCompile Include="gbuffer.cpp">
      <Filter>Source Files</Filter>
    </ClCompile>
    <ClCompile Include="ds_geom_pass_technique.cpp" />
  </ItemGroup>
  <ItemGroup>
    <ClInclude Include="callbacks.h">
      <Filter>Header Files</Filter>
    </ClInclude>
    <ClInclude Include="camera.h">
      <Filter>Header Files</Filter>
    </ClInclude>
    <ClInclude Include="engine_common.h">
      <Filter>Header Files</Filter>
    </ClInclude>
    <ClInclude Include="font_technique.h">
      <Filter>Header Files</Filter>
    </ClInclude>
    <ClInclude Include="lighting_technique.h">
      <Filter>Header Files</Filter>
    </ClInclude>
    <ClInclude Include="FontRender.h">
      <Filter>Header Files</Filter>
    </ClInclude>
    <ClInclude Include="math_3d.h">
      <Filter>Header Files</Filter>
    </ClInclude>
    <ClInclude Include="mesh.h">
      <Filter>Header Files</Filter>
    </ClInclude>
    <ClInclude Include="picking_technique.h">
      <Filter>Header Files</Filter>
    </ClInclude>
    <ClInclude Include="picking_texture.h">
      <Filter>Header Files</Filter>
    </ClInclude>
    <ClInclude Include="pipeline.h">
      <Filter>Header Files</Filter>
    </ClInclude>
    <ClInclude Include="render_callbacks.h">
      <Filter>Header Files</Filter>
    </ClInclude>
    <ClInclude Include="SDL_backend.h">
      <Filter>Header Files</Filter>
    </ClInclude>
    <ClInclude Include="simple_color_technique.h">
      <Filter>Header Files</Filter>
    </ClInclude>
    <ClInclude Include="technique.h">
      <Filter>Header Files</Filter>
    </ClInclude>
    <ClInclude Include="texture.h">
      <Filter>Header Files</Filter>
    </ClInclude>
    <ClInclude Include="util.h">
      <Filter>Header Files</Filter>
    </ClInclude>
    <ClInclude Include="gbuffer.h">
      <Filter>Header Files</Filter>
    </ClInclude>
    <ClInclude Include="ds_geom_pass_technique.h">
      <Filter>Header Files</Filter>
    </ClInclude>
  </ItemGroup>
  <ItemGroup>
    <Filter Include="Header Files">
      <UniqueIdentifier>{dbe6e137-c8b3-4c6b-ab66-49a9024593e2}</UniqueIdentifier>
    </Filter>
    <Filter Include="Source Files">
      <UniqueIdentifier>{612c2745-ce07-4f50-b2c8-98666faba01b}</UniqueIdentifier>
    </Filter>
    <Filter Include="Resource Files">
      <UniqueIdentifier>{6c91f677-0ecd-45ba-aa54-2e75f9f42d9a}</UniqueIdentifier>
    </Filter>
  </ItemGroup>
</Project>